// !$*UTF8*$!
{
	archiveVersion = 1;
	classes = {
	};
	objectVersion = 46;
	objects = {

/* Begin PBXBuildFile section */
		AB9CAC191E80CB7A0039290F /* AppDelegate.swift in Sources */ = {isa = PBXBuildFile; fileRef = AB9CAC181E80CB7A0039290F /* AppDelegate.swift */; };
		AB9CAC1B1E80CB7A0039290F /* MasterViewController.swift in Sources */ = {isa = PBXBuildFile; fileRef = AB9CAC1A1E80CB7A0039290F /* MasterViewController.swift */; };
		AB9CAC1D1E80CB7A0039290F /* DetailViewController.swift in Sources */ = {isa = PBXBuildFile; fileRef = AB9CAC1C1E80CB7A0039290F /* DetailViewController.swift */; };
		AB9CAC201E80CB7B0039290F /* Main.storyboard in Resources */ = {isa = PBXBuildFile; fileRef = AB9CAC1E1E80CB7B0039290F /* Main.storyboard */; };
		AB9CAC221E80CB7B0039290F /* Assets.xcassets in Resources */ = {isa = PBXBuildFile; fileRef = AB9CAC211E80CB7B0039290F /* Assets.xcassets */; };
		AB9CAC251E80CB7B0039290F /* LaunchScreen.storyboard in Resources */ = {isa = PBXBuildFile; fileRef = AB9CAC231E80CB7B0039290F /* LaunchScreen.storyboard */; };
		AB9CAC301E80CB7B0039290F /* DramTrackerTests.swift in Sources */ = {isa = PBXBuildFile; fileRef = AB9CAC2F1E80CB7B0039290F /* DramTrackerTests.swift */; };
		AB9CAC3B1E80CB7B0039290F /* DramTrackerUITests.swift in Sources */ = {isa = PBXBuildFile; fileRef = AB9CAC3A1E80CB7B0039290F /* DramTrackerUITests.swift */; };
/* End PBXBuildFile section */

/* Begin PBXContainerItemProxy section */
		AB9CAC2C1E80CB7B0039290F /* PBXContainerItemProxy */ = {
			isa = PBXContainerItemProxy;
			containerPortal = AB9CAC0D1E80CB790039290F /* Project object */;
			proxyType = 1;
			remoteGlobalIDString = AB9CAC141E80CB790039290F;
			remoteInfo = DramTracker;
		};
		AB9CAC371E80CB7B0039290F /* PBXContainerItemProxy */ = {
			isa = PBXContainerItemProxy;
			containerPortal = AB9CAC0D1E80CB790039290F /* Project object */;
			proxyType = 1;
			remoteGlobalIDString = AB9CAC141E80CB790039290F;
			remoteInfo = DramTracker;
		};
/* End PBXContainerItemProxy section */

/* Begin PBXFileReference section */
		AB9CAC151E80CB7A0039290F /* DramTracker.app */ = {isa = PBXFileReference; explicitFileType = wrapper.application; includeInIndex = 0; path = DramTracker.app; sourceTree = BUILT_PRODUCTS_DIR; };
		AB9CAC181E80CB7A0039290F /* AppDelegate.swift */ = {isa = PBXFileReference; lastKnownFileType = sourcecode.swift; path = AppDelegate.swift; sourceTree = "<group>"; };
		AB9CAC1A1E80CB7A0039290F /* MasterViewController.swift */ = {isa = PBXFileReference; lastKnownFileType = sourcecode.swift; path = MasterViewController.swift; sourceTree = "<group>"; };
		AB9CAC1C1E80CB7A0039290F /* DetailViewController.swift */ = {isa = PBXFileReference; lastKnownFileType = sourcecode.swift; path = DetailViewController.swift; sourceTree = "<group>"; };
		AB9CAC1F1E80CB7B0039290F /* Base */ = {isa = PBXFileReference; lastKnownFileType = file.storyboard; name = Base; path = Base.lproj/Main.storyboard; sourceTree = "<group>"; };
		AB9CAC211E80CB7B0039290F /* Assets.xcassets */ = {isa = PBXFileReference; lastKnownFileType = folder.assetcatalog; path = Assets.xcassets; sourceTree = "<group>"; };
		AB9CAC241E80CB7B0039290F /* Base */ = {isa = PBXFileReference; lastKnownFileType = file.storyboard; name = Base; path = Base.lproj/LaunchScreen.storyboard; sourceTree = "<group>"; };
		AB9CAC261E80CB7B0039290F /* Info.plist */ = {isa = PBXFileReference; lastKnownFileType = text.plist.xml; path = Info.plist; sourceTree = "<group>"; };
		AB9CAC2B1E80CB7B0039290F /* DramTrackerTests.xctest */ = {isa = PBXFileReference; explicitFileType = wrapper.cfbundle; includeInIndex = 0; path = DramTrackerTests.xctest; sourceTree = BUILT_PRODUCTS_DIR; };
		AB9CAC2F1E80CB7B0039290F /* DramTrackerTests.swift */ = {isa = PBXFileReference; lastKnownFileType = sourcecode.swift; path = DramTrackerTests.swift; sourceTree = "<group>"; };
		AB9CAC311E80CB7B0039290F /* Info.plist */ = {isa = PBXFileReference; lastKnownFileType = text.plist.xml; path = Info.plist; sourceTree = "<group>"; };
		AB9CAC361E80CB7B0039290F /* DramTrackerUITests.xctest */ = {isa = PBXFileReference; explicitFileType = wrapper.cfbundle; includeInIndex = 0; path = DramTrackerUITests.xctest; sourceTree = BUILT_PRODUCTS_DIR; };
		AB9CAC3A1E80CB7B0039290F /* DramTrackerUITests.swift */ = {isa = PBXFileReference; lastKnownFileType = sourcecode.swift; path = DramTrackerUITests.swift; sourceTree = "<group>"; };
		AB9CAC3C1E80CB7B0039290F /* Info.plist */ = {isa = PBXFileReference; lastKnownFileType = text.plist.xml; path = Info.plist; sourceTree = "<group>"; };
/* End PBXFileReference section */

/* Begin PBXFrameworksBuildPhase section */
		AB9CAC121E80CB790039290F /* Frameworks */ = {
			isa = PBXFrameworksBuildPhase;
			buildActionMask = 2147483647;
			files = (
			);
			runOnlyForDeploymentPostprocessing = 0;
		};
		AB9CAC281E80CB7B0039290F /* Frameworks */ = {
			isa = PBXFrameworksBuildPhase;
			buildActionMask = 2147483647;
			files = (
			);
			runOnlyForDeploymentPostprocessing = 0;
		};
		AB9CAC331E80CB7B0039290F /* Frameworks */ = {
			isa = PBXFrameworksBuildPhase;
			buildActionMask = 2147483647;
			files = (
			);
			runOnlyForDeploymentPostprocessing = 0;
		};
/* End PBXFrameworksBuildPhase section */

/* Begin PBXGroup section */
		AB9CAC0C1E80CB790039290F = {
			isa = PBXGroup;
			children = (
				AB9CAC171E80CB7A0039290F /* DramTracker */,
				AB9CAC2E1E80CB7B0039290F /* DramTrackerTests */,
				AB9CAC391E80CB7B0039290F /* DramTrackerUITests */,
				AB9CAC161E80CB7A0039290F /* Products */,
			);
			sourceTree = "<group>";
		};
		AB9CAC161E80CB7A0039290F /* Products */ = {
			isa = PBXGroup;
			children = (
				AB9CAC151E80CB7A0039290F /* DramTracker.app */,
				AB9CAC2B1E80CB7B0039290F /* DramTrackerTests.xctest */,
				AB9CAC361E80CB7B0039290F /* DramTrackerUITests.xctest */,
			);
			name = Products;
			sourceTree = "<group>";
		};
		AB9CAC171E80CB7A0039290F /* DramTracker */ = {
			isa = PBXGroup;
			children = (
				AB9CAC181E80CB7A0039290F /* AppDelegate.swift */,
				AB9CAC1A1E80CB7A0039290F /* MasterViewController.swift */,
				AB9CAC1C1E80CB7A0039290F /* DetailViewController.swift */,
				AB9CAC1E1E80CB7B0039290F /* Main.storyboard */,
				AB9CAC211E80CB7B0039290F /* Assets.xcassets */,
				AB9CAC231E80CB7B0039290F /* LaunchScreen.storyboard */,
				AB9CAC261E80CB7B0039290F /* Info.plist */,
			);
			path = DramTracker;
			sourceTree = "<group>";
		};
		AB9CAC2E1E80CB7B0039290F /* DramTrackerTests */ = {
			isa = PBXGroup;
			children = (
				AB9CAC2F1E80CB7B0039290F /* DramTrackerTests.swift */,
				AB9CAC311E80CB7B0039290F /* Info.plist */,
			);
			path = DramTrackerTests;
			sourceTree = "<group>";
		};
		AB9CAC391E80CB7B0039290F /* DramTrackerUITests */ = {
			isa = PBXGroup;
			children = (
				AB9CAC3A1E80CB7B0039290F /* DramTrackerUITests.swift */,
				AB9CAC3C1E80CB7B0039290F /* Info.plist */,
			);
			path = DramTrackerUITests;
			sourceTree = "<group>";
		};
/* End PBXGroup section */

/* Begin PBXNativeTarget section */
		AB9CAC141E80CB790039290F /* DramTracker */ = {
			isa = PBXNativeTarget;
			buildConfigurationList = AB9CAC3F1E80CB7B0039290F /* Build configuration list for PBXNativeTarget "DramTracker" */;
			buildPhases = (
				AB9CAC111E80CB790039290F /* Sources */,
				AB9CAC121E80CB790039290F /* Frameworks */,
				AB9CAC131E80CB790039290F /* Resources */,
			);
			buildRules = (
			);
			dependencies = (
			);
			name = DramTracker;
			productName = DramTracker;
			productReference = AB9CAC151E80CB7A0039290F /* DramTracker.app */;
			productType = "com.apple.product-type.application";
		};
		AB9CAC2A1E80CB7B0039290F /* DramTrackerTests */ = {
			isa = PBXNativeTarget;
			buildConfigurationList = AB9CAC421E80CB7B0039290F /* Build configuration list for PBXNativeTarget "DramTrackerTests" */;
			buildPhases = (
				AB9CAC271E80CB7B0039290F /* Sources */,
				AB9CAC281E80CB7B0039290F /* Frameworks */,
				AB9CAC291E80CB7B0039290F /* Resources */,
			);
			buildRules = (
			);
			dependencies = (
				AB9CAC2D1E80CB7B0039290F /* PBXTargetDependency */,
			);
			name = DramTrackerTests;
			productName = DramTrackerTests;
			productReference = AB9CAC2B1E80CB7B0039290F /* DramTrackerTests.xctest */;
			productType = "com.apple.product-type.bundle.unit-test";
		};
		AB9CAC351E80CB7B0039290F /* DramTrackerUITests */ = {
			isa = PBXNativeTarget;
			buildConfigurationList = AB9CAC451E80CB7B0039290F /* Build configuration list for PBXNativeTarget "DramTrackerUITests" */;
			buildPhases = (
				AB9CAC321E80CB7B0039290F /* Sources */,
				AB9CAC331E80CB7B0039290F /* Frameworks */,
				AB9CAC341E80CB7B0039290F /* Resources */,
			);
			buildRules = (
			);
			dependencies = (
				AB9CAC381E80CB7B0039290F /* PBXTargetDependency */,
			);
			name = DramTrackerUITests;
			productName = DramTrackerUITests;
			productReference = AB9CAC361E80CB7B0039290F /* DramTrackerUITests.xctest */;
			productType = "com.apple.product-type.bundle.ui-testing";
		};
/* End PBXNativeTarget section */

/* Begin PBXProject section */
		AB9CAC0D1E80CB790039290F /* Project object */ = {
			isa = PBXProject;
			attributes = {
				LastSwiftUpdateCheck = 0820;
				LastUpgradeCheck = 0820;
				ORGANIZATIONNAME = "Jonathan Worsley";
				TargetAttributes = {
					AB9CAC141E80CB790039290F = {
						CreatedOnToolsVersion = 8.2.1;
						ProvisioningStyle = Automatic;
					};
					AB9CAC2A1E80CB7B0039290F = {
						CreatedOnToolsVersion = 8.2.1;
						ProvisioningStyle = Automatic;
						TestTargetID = AB9CAC141E80CB790039290F;
					};
					AB9CAC351E80CB7B0039290F = {
						CreatedOnToolsVersion = 8.2.1;
						ProvisioningStyle = Automatic;
						TestTargetID = AB9CAC141E80CB790039290F;
					};
				};
			};
			buildConfigurationList = AB9CAC101E80CB790039290F /* Build configuration list for PBXProject "DramTracker" */;
			compatibilityVersion = "Xcode 3.2";
			developmentRegion = English;
			hasScannedForEncodings = 0;
			knownRegions = (
				en,
				Base,
			);
			mainGroup = AB9CAC0C1E80CB790039290F;
			productRefGroup = AB9CAC161E80CB7A0039290F /* Products */;
			projectDirPath = "";
			projectRoot = "";
			targets = (
				AB9CAC141E80CB790039290F /* DramTracker */,
				AB9CAC2A1E80CB7B0039290F /* DramTrackerTests */,
				AB9CAC351E80CB7B0039290F /* DramTrackerUITests */,
			);
		};
/* End PBXProject section */

/* Begin PBXResourcesBuildPhase section */
		AB9CAC131E80CB790039290F /* Resources */ = {
			isa = PBXResourcesBuildPhase;
			buildActionMask = 2147483647;
			files = (
				AB9CAC251E80CB7B0039290F /* LaunchScreen.storyboard in Resources */,
				AB9CAC221E80CB7B0039290F /* Assets.xcassets in Resources */,
				AB9CAC201E80CB7B0039290F /* Main.storyboard in Resources */,
			);
			runOnlyForDeploymentPostprocessing = 0;
		};
		AB9CAC291E80CB7B0039290F /* Resources */ = {
			isa = PBXResourcesBuildPhase;
			buildActionMask = 2147483647;
			files = (
			);
			runOnlyForDeploymentPostprocessing = 0;
		};
		AB9CAC341E80CB7B0039290F /* Resources */ = {
			isa = PBXResourcesBuildPhase;
			buildActionMask = 2147483647;
			files = (
			);
			runOnlyForDeploymentPostprocessing = 0;
		};
/* End PBXResourcesBuildPhase section */

/* Begin PBXSourcesBuildPhase section */
		AB9CAC111E80CB790039290F /* Sources */ = {
			isa = PBXSourcesBuildPhase;
			buildActionMask = 2147483647;
			files = (
				AB9CAC1D1E80CB7A0039290F /* DetailViewController.swift in Sources */,
				AB9CAC1B1E80CB7A0039290F /* MasterViewController.swift in Sources */,
				AB9CAC191E80CB7A0039290F /* AppDelegate.swift in Sources */,
			);
			runOnlyForDeploymentPostprocessing = 0;
		};
		AB9CAC271E80CB7B0039290F /* Sources */ = {
			isa = PBXSourcesBuildPhase;
			buildActionMask = 2147483647;
			files = (
				AB9CAC301E80CB7B0039290F /* DramTrackerTests.swift in Sources */,
			);
			runOnlyForDeploymentPostprocessing = 0;
		};
		AB9CAC321E80CB7B0039290F /* Sources */ = {
			isa = PBXSourcesBuildPhase;
			buildActionMask = 2147483647;
			files = (
				AB9CAC3B1E80CB7B0039290F /* DramTrackerUITests.swift in Sources */,
			);
			runOnlyForDeploymentPostprocessing = 0;
		};
/* End PBXSourcesBuildPhase section */

/* Begin PBXTargetDependency section */
		AB9CAC2D1E80CB7B0039290F /* PBXTargetDependency */ = {
			isa = PBXTargetDependency;
			target = AB9CAC141E80CB790039290F /* DramTracker */;
			targetProxy = AB9CAC2C1E80CB7B0039290F /* PBXContainerItemProxy */;
		};
		AB9CAC381E80CB7B0039290F /* PBXTargetDependency */ = {
			isa = PBXTargetDependency;
			target = AB9CAC141E80CB790039290F /* DramTracker */;
			targetProxy = AB9CAC371E80CB7B0039290F /* PBXContainerItemProxy */;
		};
/* End PBXTargetDependency section */

/* Begin PBXVariantGroup section */
		AB9CAC1E1E80CB7B0039290F /* Main.storyboard */ = {
			isa = PBXVariantGroup;
			children = (
				AB9CAC1F1E80CB7B0039290F /* Base */,
			);
			name = Main.storyboard;
			sourceTree = "<group>";
		};
		AB9CAC231E80CB7B0039290F /* LaunchScreen.storyboard */ = {
			isa = PBXVariantGroup;
			children = (
				AB9CAC241E80CB7B0039290F /* Base */,
			);
			name = LaunchScreen.storyboard;
			sourceTree = "<group>";
		};
/* End PBXVariantGroup section */

/* Begin XCBuildConfiguration section */
		AB9CAC3D1E80CB7B0039290F /* Debug */ = {
			isa = XCBuildConfiguration;
			buildSettings = {
				ALWAYS_SEARCH_USER_PATHS = NO;
				CLANG_ANALYZER_NONNULL = YES;
				CLANG_CXX_LANGUAGE_STANDARD = "gnu++0x";
				CLANG_CXX_LIBRARY = "libc++";
				CLANG_ENABLE_MODULES = YES;
				CLANG_ENABLE_OBJC_ARC = YES;
				CLANG_WARN_BOOL_CONVERSION = YES;
				CLANG_WARN_CONSTANT_CONVERSION = YES;
				CLANG_WARN_DIRECT_OBJC_ISA_USAGE = YES_ERROR;
				CLANG_WARN_DOCUMENTATION_COMMENTS = YES;
				CLANG_WARN_EMPTY_BODY = YES;
				CLANG_WARN_ENUM_CONVERSION = YES;
				CLANG_WARN_INFINITE_RECURSION = YES;
				CLANG_WARN_INT_CONVERSION = YES;
				CLANG_WARN_OBJC_ROOT_CLASS = YES_ERROR;
				CLANG_WARN_SUSPICIOUS_MOVE = YES;
				CLANG_WARN_UNREACHABLE_CODE = YES;
				CLANG_WARN__DUPLICATE_METHOD_MATCH = YES;
				"CODE_SIGN_IDENTITY[sdk=iphoneos*]" = "iPhone Developer";
				COPY_PHASE_STRIP = NO;
				DEBUG_INFORMATION_FORMAT = dwarf;
				ENABLE_STRICT_OBJC_MSGSEND = YES;
				ENABLE_TESTABILITY = YES;
				GCC_C_LANGUAGE_STANDARD = gnu99;
				GCC_DYNAMIC_NO_PIC = NO;
				GCC_NO_COMMON_BLOCKS = YES;
				GCC_OPTIMIZATION_LEVEL = 0;
				GCC_PREPROCESSOR_DEFINITIONS = (
					"DEBUG=1",
					"$(inherited)",
				);
				GCC_WARN_64_TO_32_BIT_CONVERSION = YES;
				GCC_WARN_ABOUT_RETURN_TYPE = YES_ERROR;
				GCC_WARN_UNDECLARED_SELECTOR = YES;
				GCC_WARN_UNINITIALIZED_AUTOS = YES_AGGRESSIVE;
				GCC_WARN_UNUSED_FUNCTION = YES;
				GCC_WARN_UNUSED_VARIABLE = YES;
				IPHONEOS_DEPLOYMENT_TARGET = 10.2;
				MTL_ENABLE_DEBUG_INFO = YES;
				ONLY_ACTIVE_ARCH = YES;
				SDKROOT = iphoneos;
				SWIFT_ACTIVE_COMPILATION_CONDITIONS = DEBUG;
				SWIFT_OPTIMIZATION_LEVEL = "-Onone";
				TARGETED_DEVICE_FAMILY = "1,2";
			};
			name = Debug;
		};
		AB9CAC3E1E80CB7B0039290F /* Release */ = {
			isa = XCBuildConfiguration;
			buildSettings = {
				ALWAYS_SEARCH_USER_PATHS = NO;
				CLANG_ANALYZER_NONNULL = YES;
				CLANG_CXX_LANGUAGE_STANDARD = "gnu++0x";
				CLANG_CXX_LIBRARY = "libc++";
				CLANG_ENABLE_MODULES = YES;
				CLANG_ENABLE_OBJC_ARC = YES;
				CLANG_WARN_BOOL_CONVERSION = YES;
				CLANG_WARN_CONSTANT_CONVERSION = YES;
				CLANG_WARN_DIRECT_OBJC_ISA_USAGE = YES_ERROR;
				CLANG_WARN_DOCUMENTATION_COMMENTS = YES;
				CLANG_WARN_EMPTY_BODY = YES;
				CLANG_WARN_ENUM_CONVERSION = YES;
				CLANG_WARN_INFINITE_RECURSION = YES;
				CLANG_WARN_INT_CONVERSION = YES;
				CLANG_WARN_OBJC_ROOT_CLASS = YES_ERROR;
				CLANG_WARN_SUSPICIOUS_MOVE = YES;
				CLANG_WARN_UNREACHABLE_CODE = YES;
				CLANG_WARN__DUPLICATE_METHOD_MATCH = YES;
				"CODE_SIGN_IDENTITY[sdk=iphoneos*]" = "iPhone Developer";
				COPY_PHASE_STRIP = NO;
				DEBUG_INFORMATION_FORMAT = "dwarf-with-dsym";
				ENABLE_NS_ASSERTIONS = NO;
				ENABLE_STRICT_OBJC_MSGSEND = YES;
				GCC_C_LANGUAGE_STANDARD = gnu99;
				GCC_NO_COMMON_BLOCKS = YES;
				GCC_WARN_64_TO_32_BIT_CONVERSION = YES;
				GCC_WARN_ABOUT_RETURN_TYPE = YES_ERROR;
				GCC_WARN_UNDECLARED_SELECTOR = YES;
				GCC_WARN_UNINITIALIZED_AUTOS = YES_AGGRESSIVE;
				GCC_WARN_UNUSED_FUNCTION = YES;
				GCC_WARN_UNUSED_VARIABLE = YES;
				IPHONEOS_DEPLOYMENT_TARGET = 10.2;
				MTL_ENABLE_DEBUG_INFO = NO;
				SDKROOT = iphoneos;
				SWIFT_OPTIMIZATION_LEVEL = "-Owholemodule";
				TARGETED_DEVICE_FAMILY = "1,2";
				VALIDATE_PRODUCT = YES;
			};
			name = Release;
		};
		AB9CAC401E80CB7B0039290F /* Debug */ = {
			isa = XCBuildConfiguration;
			buildSettings = {
				ASSETCATALOG_COMPILER_APPICON_NAME = AppIcon;
				INFOPLIST_FILE = DramTracker/Info.plist;
				LD_RUNPATH_SEARCH_PATHS = "$(inherited) @executable_path/Frameworks";
				PRODUCT_BUNDLE_IDENTIFIER = co.dansley.DramTracker;
				PRODUCT_NAME = "$(TARGET_NAME)";
				SWIFT_VERSION = 3.0;
			};
			name = Debug;
		};
		AB9CAC411E80CB7B0039290F /* Release */ = {
			isa = XCBuildConfiguration;
			buildSettings = {
				ASSETCATALOG_COMPILER_APPICON_NAME = AppIcon;
				INFOPLIST_FILE = DramTracker/Info.plist;
				LD_RUNPATH_SEARCH_PATHS = "$(inherited) @executable_path/Frameworks";
				PRODUCT_BUNDLE_IDENTIFIER = co.dansley.DramTracker;
				PRODUCT_NAME = "$(TARGET_NAME)";
				SWIFT_VERSION = 3.0;
			};
			name = Release;
		};
		AB9CAC431E80CB7B0039290F /* Debug */ = {
			isa = XCBuildConfiguration;
			buildSettings = {
				ALWAYS_EMBED_SWIFT_STANDARD_LIBRARIES = YES;
				BUNDLE_LOADER = "$(TEST_HOST)";
				INFOPLIST_FILE = DramTrackerTests/Info.plist;
				LD_RUNPATH_SEARCH_PATHS = "$(inherited) @executable_path/Frameworks @loader_path/Frameworks";
				PRODUCT_BUNDLE_IDENTIFIER = co.dansley.DramTrackerTests;
				PRODUCT_NAME = "$(TARGET_NAME)";
				SWIFT_VERSION = 3.0;
				TEST_HOST = "$(BUILT_PRODUCTS_DIR)/DramTracker.app/DramTracker";
			};
			name = Debug;
		};
		AB9CAC441E80CB7B0039290F /* Release */ = {
			isa = XCBuildConfiguration;
			buildSettings = {
				ALWAYS_EMBED_SWIFT_STANDARD_LIBRARIES = YES;
				BUNDLE_LOADER = "$(TEST_HOST)";
				INFOPLIST_FILE = DramTrackerTests/Info.plist;
				LD_RUNPATH_SEARCH_PATHS = "$(inherited) @executable_path/Frameworks @loader_path/Frameworks";
				PRODUCT_BUNDLE_IDENTIFIER = co.dansley.DramTrackerTests;
				PRODUCT_NAME = "$(TARGET_NAME)";
				SWIFT_VERSION = 3.0;
				TEST_HOST = "$(BUILT_PRODUCTS_DIR)/DramTracker.app/DramTracker";
			};
			name = Release;
		};
		AB9CAC461E80CB7B0039290F /* Debug */ = {
			isa = XCBuildConfiguration;
			buildSettings = {
				ALWAYS_EMBED_SWIFT_STANDARD_LIBRARIES = YES;
				INFOPLIST_FILE = DramTrackerUITests/Info.plist;
				LD_RUNPATH_SEARCH_PATHS = "$(inherited) @executable_path/Frameworks @loader_path/Frameworks";
				PRODUCT_BUNDLE_IDENTIFIER = co.dansley.DramTrackerUITests;
				PRODUCT_NAME = "$(TARGET_NAME)";
				SWIFT_VERSION = 3.0;
				TEST_TARGET_NAME = DramTracker;
			};
			name = Debug;
		};
		AB9CAC471E80CB7B0039290F /* Release */ = {
			isa = XCBuildConfiguration;
			buildSettings = {
				ALWAYS_EMBED_SWIFT_STANDARD_LIBRARIES = YES;
				INFOPLIST_FILE = DramTrackerUITests/Info.plist;
				LD_RUNPATH_SEARCH_PATHS = "$(inherited) @executable_path/Frameworks @loader_path/Frameworks";
				PRODUCT_BUNDLE_IDENTIFIER = co.dansley.DramTrackerUITests;
				PRODUCT_NAME = "$(TARGET_NAME)";
				SWIFT_VERSION = 3.0;
				TEST_TARGET_NAME = DramTracker;
			};
			name = Release;
		};
/* End XCBuildConfiguration section */

/* Begin XCConfigurationList section */
		AB9CAC101E80CB790039290F /* Build configuration list for PBXProject "DramTracker" */ = {
			isa = XCConfigurationList;
			buildConfigurations = (
				AB9CAC3D1E80CB7B0039290F /* Debug */,
				AB9CAC3E1E80CB7B0039290F /* Release */,
			);
			defaultConfigurationIsVisible = 0;
			defaultConfigurationName = Release;
		};
		AB9CAC3F1E80CB7B0039290F /* Build configuration list for PBXNativeTarget "DramTracker" */ = {
			isa = XCConfigurationList;
			buildConfigurations = (
				AB9CAC401E80CB7B0039290F /* Debug */,
				AB9CAC411E80CB7B0039290F /* Release */,
			);
			defaultConfigurationIsVisible = 0;
		};
		AB9CAC421E80CB7B0039290F /* Build configuration list for PBXNativeTarget "DramTrackerTests" */ = {
			isa = XCConfigurationList;
			buildConfigurations = (
				AB9CAC431E80CB7B0039290F /* Debug */,
				AB9CAC441E80CB7B0039290F /* Release */,
			);
			defaultConfigurationIsVisible = 0;
		};
		AB9CAC451E80CB7B0039290F /* Build configuration list for PBXNativeTarget "DramTrackerUITests" */ = {
			isa = XCConfigurationList;
			buildConfigurations = (
				AB9CAC461E80CB7B0039290F /* Debug */,
				AB9CAC471E80CB7B0039290F /* Release */,
			);
			defaultConfigurationIsVisible = 0;
		};
/* End XCConfigurationList section */
	};
	rootObject = AB9CAC0D1E80CB790039290F /* Project object */;
}
